
Microsoft Visual Studio Solution File, Format Version 12.00
# Visual Studio 15
VisualStudioVersion = 15.0.26228.10
MinimumVisualStudioVersion = 10.0.40219.1
Project("{2150E333-8FDC-42A3-9474-1A3956D46DE8}") = "Libwpd", "Libwpd", "{01D1E069-82C5-4C4D-AACC-6321D27FA424}"
EndProject
Project("{8BC9CEB8-8B4A-11D0-8D11-00A0C91BC942}") = "librevenge", "librevenge\librevenge.vcxproj", "{333855BF-0205-470A-97B1-518CD9DF8F78}"
EndProject
Project("{8BC9CEB8-8B4A-11D0-8D11-00A0C91BC942}") = "libwpd", "libwpd\libwpd.vcxproj", "{790C0656-C22F-485F-8910-689B0D865D34}"
EndProject
Global
	GlobalSection(SolutionConfigurationPlatforms) = preSolution
		CodeAnalysisDebug|Any CPU = CodeAnalysisDebug|Any CPU
		CodeAnalysisDebug|x64 = CodeAnalysisDebug|x64
		CodeAnalysisDebug|x86 = CodeAnalysisDebug|x86
		Debug|Any CPU = Debug|Any CPU
		Debug|x64 = Debug|x64
		Debug|x86 = Debug|x86
		Release|Any CPU = Release|Any CPU
		Release|x64 = Release|x64
		Release|x86 = Release|x86
	EndGlobalSection
	GlobalSection(ProjectConfigurationPlatforms) = postSolution
		{333855BF-0205-470A-97B1-518CD9DF8F78}.CodeAnalysisDebug|Any CPU.ActiveCfg = Release|x64
		{333855BF-0205-470A-97B1-518CD9DF8F78}.CodeAnalysisDebug|Any CPU.Build.0 = Release|x64
		{333855BF-0205-470A-97B1-518CD9DF8F78}.CodeAnalysisDebug|x64.ActiveCfg = Debug|x64
		{333855BF-0205-470A-97B1-518CD9DF8F78}.CodeAnalysisDebug|x64.Build.0 = Debug|x64
		{333855BF-0205-470A-97B1-518CD9DF8F78}.CodeAnalysisDebug|x86.ActiveCfg = Debug|Win32
		{333855BF-0205-470A-97B1-518CD9DF8F78}.CodeAnalysisDebug|x86.Build.0 = Debug|Win32
		{333855BF-0205-470A-97B1-518CD9DF8F78}.Debug|Any CPU.ActiveCfg = Debug|Win32
		{333855BF-0205-470A-97B1-518CD9DF8F78}.Debug|x64.ActiveCfg = Debug|x64
		{333855BF-0205-470A-97B1-518CD9DF8F78}.Debug|x64.Build.0 = Debug|x64
		{333855BF-0205-470A-97B1-518CD9DF8F78}.Debug|x86.ActiveCfg = Debug|Win32
		{333855BF-0205-470A-97B1-518CD9DF8F78}.Debug|x86.Build.0 = Debug|Win32
		{333855BF-0205-470A-97B1-518CD9DF8F78}.Release|Any CPU.ActiveCfg = Release|Win32
		{333855BF-0205-470A-97B1-518CD9DF8F78}.Release|x64.ActiveCfg = Release|x64
		{333855BF-0205-470A-97B1-518CD9DF8F78}.Release|x64.Build.0 = Release|x64
		{333855BF-0205-470A-97B1-518CD9DF8F78}.Release|x86.ActiveCfg = Release|Win32
		{333855BF-0205-470A-97B1-518CD9DF8F78}.Release|x86.Build.0 = Release|Win32
		{790C0656-C22F-485F-8910-689B0D865D34}.CodeAnalysisDebug|Any CPU.ActiveCfg = Release|x64
		{790C0656-C22F-485F-8910-689B0D865D34}.CodeAnalysisDebug|Any CPU.Build.0 = Release|x64
		{790C0656-C22F-485F-8910-689B0D865D34}.CodeAnalysisDebug|x64.ActiveCfg = Debug|x64
		{790C0656-C22F-485F-8910-689B0D865D34}.CodeAnalysisDebug|x64.Build.0 = Debug|x64
		{790C0656-C22F-485F-8910-689B0D865D34}.CodeAnalysisDebug|x86.ActiveCfg = Debug|Win32
		{790C0656-C22F-485F-8910-689B0D865D34}.CodeAnalysisDebug|x86.Build.0 = Debug|Win32
		{790C0656-C22F-485F-8910-689B0D865D34}.Debug|Any CPU.ActiveCfg = Debug|Win32
		{790C0656-C22F-485F-8910-689B0D865D34}.Debug|x64.ActiveCfg = Debug|x64
		{790C0656-C22F-485F-8910-689B0D865D34}.Debug|x64.Build.0 = Debug|x64
		{790C0656-C22F-485F-8910-689B0D865D34}.Debug|x86.ActiveCfg = Debug|Win32
		{790C0656-C22F-485F-8910-689B0D865D34}.Debug|x86.Build.0 = Debug|Win32
		{790C0656-C22F-485F-8910-689B0D865D34}.Release|Any CPU.ActiveCfg = Release|Win32
		{790C0656-C22F-485F-8910-689B0D865D34}.Release|x64.ActiveCfg = Release|x64
		{790C0656-C22F-485F-8910-689B0D865D34}.Release|x64.Build.0 = Release|x64
		{790C0656-C22F-485F-8910-689B0D865D34}.Release|x86.ActiveCfg = Release|Win32
		{790C0656-C22F-485F-8910-689B0D865D34}.Release|x86.Build.0 = Release|Win32
	EndGlobalSection
	GlobalSection(SolutionProperties) = preSolution
		HideSolutionNode = FALSE
	EndGlobalSection
	GlobalSection(NestedProjects) = preSolution
		{333855BF-0205-470A-97B1-518CD9DF8F78} = {01D1E069-82C5-4C4D-AACC-6321D27FA424}
		{790C0656-C22F-485F-8910-689B0D865D34} = {01D1E069-82C5-4C4D-AACC-6321D27FA424}
	EndGlobalSection
EndGlobal
