
Microsoft Visual Studio Solution File, Format Version 12.00
# Visual Studio Version 16
VisualStudioVersion = 16.0.29503.13
MinimumVisualStudioVersion = 10.0.40219.1
Project("{8BC9CEB8-8B4A-11D0-8D11-00A0C91BC942}") = "librevenge", "librevenge\librevenge.vcxproj", "{333855BF-0205-470A-97B1-518CD9DF8F78}"
EndProject
Project("{8BC9CEB8-8B4A-11D0-8D11-00A0C91BC942}") = "libwpd", "libwpd\libwpd.vcxproj", "{790C0656-C22F-485F-8910-689B0D865D34}"
EndProject
Project("{8BC9CEB8-8B4A-11D0-8D11-00A0C91BC942}") = "WordPerfectIndexer", "WordPerfectIndexer\WordPerfectIndexer.vcxproj", "{C7595F6A-CD12-4985-A56F-EABD96A609E2}"
EndProject
Project("{8BC9CEB8-8B4A-11D0-8D11-00A0C91BC942}") = "wpd2text", "wpd2text\wpd2text.vcxproj", "{36C01A36-2BFB-4A14-AF22-8558D0A9F39A}"
EndProject
Project("{930C7802-8A8C-48F9-8165-68863BCCD9DD}") = "IndexerSetup", "IndexerSetup\IndexerSetup.wixproj", "{D512E053-E49E-4ED3-BAE2-C943CFB20F26}"
EndProject
Project("{930C7802-8A8C-48F9-8165-68863BCCD9DD}") = "IndexerSetup64", "IndexerSetup64\IndexerSetup64.wixproj", "{349CC7D7-C1EE-4F92-B96D-3CE7284C046E}"
EndProject
Project("{930C7802-8A8C-48F9-8165-68863BCCD9DD}") = "IndexerSetup.Bundle", "IndexerSetup.Bundle\IndexerSetup.Bundle.wixproj", "{2E3E3801-9593-4452-A4E4-412226056B3C}"
EndProject
Global
	GlobalSection(SolutionConfigurationPlatforms) = preSolution
		CodeAnalysisDebug|x64 = CodeAnalysisDebug|x64
		CodeAnalysisDebug|x86 = CodeAnalysisDebug|x86
		Debug|x64 = Debug|x64
		Debug|x86 = Debug|x86
		Release|x64 = Release|x64
		Release|x86 = Release|x86
	EndGlobalSection
	GlobalSection(ProjectConfigurationPlatforms) = postSolution
		{333855BF-0205-470A-97B1-518CD9DF8F78}.CodeAnalysisDebug|x64.ActiveCfg = Debug|x64
		{333855BF-0205-470A-97B1-518CD9DF8F78}.CodeAnalysisDebug|x64.Build.0 = Debug|x64
		{333855BF-0205-470A-97B1-518CD9DF8F78}.CodeAnalysisDebug|x86.ActiveCfg = Debug|Win32
		{333855BF-0205-470A-97B1-518CD9DF8F78}.CodeAnalysisDebug|x86.Build.0 = Debug|Win32
		{333855BF-0205-470A-97B1-518CD9DF8F78}.Debug|x64.ActiveCfg = Debug|x64
		{333855BF-0205-470A-97B1-518CD9DF8F78}.Debug|x64.Build.0 = Debug|x64
		{333855BF-0205-470A-97B1-518CD9DF8F78}.Debug|x86.ActiveCfg = Debug|Win32
		{333855BF-0205-470A-97B1-518CD9DF8F78}.Debug|x86.Build.0 = Debug|Win32
		{333855BF-0205-470A-97B1-518CD9DF8F78}.Release|x64.ActiveCfg = Release|x64
		{333855BF-0205-470A-97B1-518CD9DF8F78}.Release|x64.Build.0 = Release|x64
		{333855BF-0205-470A-97B1-518CD9DF8F78}.Release|x86.ActiveCfg = Release|Win32
		{333855BF-0205-470A-97B1-518CD9DF8F78}.Release|x86.Build.0 = Release|Win32
		{790C0656-C22F-485F-8910-689B0D865D34}.CodeAnalysisDebug|x64.ActiveCfg = Debug|x64
		{790C0656-C22F-485F-8910-689B0D865D34}.CodeAnalysisDebug|x64.Build.0 = Debug|x64
		{790C0656-C22F-485F-8910-689B0D865D34}.CodeAnalysisDebug|x86.ActiveCfg = Debug|Win32
		{790C0656-C22F-485F-8910-689B0D865D34}.CodeAnalysisDebug|x86.Build.0 = Debug|Win32
		{790C0656-C22F-485F-8910-689B0D865D34}.Debug|x64.ActiveCfg = Debug|x64
		{790C0656-C22F-485F-8910-689B0D865D34}.Debug|x64.Build.0 = Debug|x64
		{790C0656-C22F-485F-8910-689B0D865D34}.Debug|x86.ActiveCfg = Debug|Win32
		{790C0656-C22F-485F-8910-689B0D865D34}.Debug|x86.Build.0 = Debug|Win32
		{790C0656-C22F-485F-8910-689B0D865D34}.Release|x64.ActiveCfg = Release|x64
		{790C0656-C22F-485F-8910-689B0D865D34}.Release|x64.Build.0 = Release|x64
		{790C0656-C22F-485F-8910-689B0D865D34}.Release|x86.ActiveCfg = Release|Win32
		{790C0656-C22F-485F-8910-689B0D865D34}.Release|x86.Build.0 = Release|Win32
		{C7595F6A-CD12-4985-A56F-EABD96A609E2}.CodeAnalysisDebug|x64.ActiveCfg = Debug|x64
		{C7595F6A-CD12-4985-A56F-EABD96A609E2}.CodeAnalysisDebug|x64.Build.0 = Debug|x64
		{C7595F6A-CD12-4985-A56F-EABD96A609E2}.CodeAnalysisDebug|x86.ActiveCfg = Debug|Win32
		{C7595F6A-CD12-4985-A56F-EABD96A609E2}.CodeAnalysisDebug|x86.Build.0 = Debug|Win32
		{C7595F6A-CD12-4985-A56F-EABD96A609E2}.Debug|x64.ActiveCfg = Debug|x64
		{C7595F6A-CD12-4985-A56F-EABD96A609E2}.Debug|x64.Build.0 = Debug|x64
		{C7595F6A-CD12-4985-A56F-EABD96A609E2}.Debug|x86.ActiveCfg = Debug|Win32
		{C7595F6A-CD12-4985-A56F-EABD96A609E2}.Debug|x86.Build.0 = Debug|Win32
		{C7595F6A-CD12-4985-A56F-EABD96A609E2}.Release|x64.ActiveCfg = Release|x64
		{C7595F6A-CD12-4985-A56F-EABD96A609E2}.Release|x64.Build.0 = Release|x64
		{C7595F6A-CD12-4985-A56F-EABD96A609E2}.Release|x86.ActiveCfg = Release|Win32
		{C7595F6A-CD12-4985-A56F-EABD96A609E2}.Release|x86.Build.0 = Release|Win32
		{36C01A36-2BFB-4A14-AF22-8558D0A9F39A}.CodeAnalysisDebug|x64.ActiveCfg = Debug|x64
		{36C01A36-2BFB-4A14-AF22-8558D0A9F39A}.CodeAnalysisDebug|x64.Build.0 = Debug|x64
		{36C01A36-2BFB-4A14-AF22-8558D0A9F39A}.CodeAnalysisDebug|x86.ActiveCfg = Debug|Win32
		{36C01A36-2BFB-4A14-AF22-8558D0A9F39A}.CodeAnalysisDebug|x86.Build.0 = Debug|Win32
		{36C01A36-2BFB-4A14-AF22-8558D0A9F39A}.Debug|x64.ActiveCfg = Debug|x64
		{36C01A36-2BFB-4A14-AF22-8558D0A9F39A}.Debug|x64.Build.0 = Debug|x64
		{36C01A36-2BFB-4A14-AF22-8558D0A9F39A}.Debug|x86.ActiveCfg = Debug|Win32
		{36C01A36-2BFB-4A14-AF22-8558D0A9F39A}.Debug|x86.Build.0 = Debug|Win32
		{36C01A36-2BFB-4A14-AF22-8558D0A9F39A}.Release|x64.ActiveCfg = Release|x64
		{36C01A36-2BFB-4A14-AF22-8558D0A9F39A}.Release|x64.Build.0 = Release|x64
		{36C01A36-2BFB-4A14-AF22-8558D0A9F39A}.Release|x86.ActiveCfg = Release|Win32
		{36C01A36-2BFB-4A14-AF22-8558D0A9F39A}.Release|x86.Build.0 = Release|Win32
		{D512E053-E49E-4ED3-BAE2-C943CFB20F26}.CodeAnalysisDebug|x64.ActiveCfg = Release|x86
		{D512E053-E49E-4ED3-BAE2-C943CFB20F26}.CodeAnalysisDebug|x64.Build.0 = Release|x86
		{D512E053-E49E-4ED3-BAE2-C943CFB20F26}.CodeAnalysisDebug|x86.ActiveCfg = Debug|x86
		{D512E053-E49E-4ED3-BAE2-C943CFB20F26}.CodeAnalysisDebug|x86.Build.0 = Debug|x86
		{D512E053-E49E-4ED3-BAE2-C943CFB20F26}.Debug|x64.ActiveCfg = Debug|x86
		{D512E053-E49E-4ED3-BAE2-C943CFB20F26}.Debug|x86.ActiveCfg = Debug|x86
		{D512E053-E49E-4ED3-BAE2-C943CFB20F26}.Debug|x86.Build.0 = Debug|x86
		{D512E053-E49E-4ED3-BAE2-C943CFB20F26}.Release|x64.ActiveCfg = Release|x86
		{D512E053-E49E-4ED3-BAE2-C943CFB20F26}.Release|x86.ActiveCfg = Release|x86
		{D512E053-E49E-4ED3-BAE2-C943CFB20F26}.Release|x86.Build.0 = Release|x86
		{349CC7D7-C1EE-4F92-B96D-3CE7284C046E}.CodeAnalysisDebug|x64.ActiveCfg = Release|x86
		{349CC7D7-C1EE-4F92-B96D-3CE7284C046E}.CodeAnalysisDebug|x64.Build.0 = Release|x86
		{349CC7D7-C1EE-4F92-B96D-3CE7284C046E}.CodeAnalysisDebug|x86.ActiveCfg = Debug|x86
		{349CC7D7-C1EE-4F92-B96D-3CE7284C046E}.CodeAnalysisDebug|x86.Build.0 = Debug|x86
		{349CC7D7-C1EE-4F92-B96D-3CE7284C046E}.Debug|x64.ActiveCfg = Debug|x86
		{349CC7D7-C1EE-4F92-B96D-3CE7284C046E}.Debug|x86.ActiveCfg = Debug|x86
		{349CC7D7-C1EE-4F92-B96D-3CE7284C046E}.Debug|x86.Build.0 = Debug|x86
		{349CC7D7-C1EE-4F92-B96D-3CE7284C046E}.Release|x64.ActiveCfg = Release|x64
		{349CC7D7-C1EE-4F92-B96D-3CE7284C046E}.Release|x86.ActiveCfg = Release|x64
		{349CC7D7-C1EE-4F92-B96D-3CE7284C046E}.Release|x86.Build.0 = Release|x64
		{2E3E3801-9593-4452-A4E4-412226056B3C}.CodeAnalysisDebug|x64.ActiveCfg = Release|x86
		{2E3E3801-9593-4452-A4E4-412226056B3C}.CodeAnalysisDebug|x64.Build.0 = Release|x86
		{2E3E3801-9593-4452-A4E4-412226056B3C}.CodeAnalysisDebug|x86.ActiveCfg = Debug|x86
		{2E3E3801-9593-4452-A4E4-412226056B3C}.CodeAnalysisDebug|x86.Build.0 = Debug|x86
		{2E3E3801-9593-4452-A4E4-412226056B3C}.Debug|x64.ActiveCfg = Debug|x86
		{2E3E3801-9593-4452-A4E4-412226056B3C}.Debug|x86.ActiveCfg = Debug|x86
		{2E3E3801-9593-4452-A4E4-412226056B3C}.Debug|x86.Build.0 = Debug|x86
		{2E3E3801-9593-4452-A4E4-412226056B3C}.Release|x64.ActiveCfg = Release|x86
		{2E3E3801-9593-4452-A4E4-412226056B3C}.Release|x86.ActiveCfg = Release|x86
		{2E3E3801-9593-4452-A4E4-412226056B3C}.Release|x86.Build.0 = Release|x86
	EndGlobalSection
	GlobalSection(SolutionProperties) = preSolution
		HideSolutionNode = FALSE
	EndGlobalSection
	GlobalSection(ExtensibilityGlobals) = postSolution
		SolutionGuid = {53F1D91F-DC92-4061-B294-535B4CAA6BA7}
	EndGlobalSection
EndGlobal
