<?xml version="1.0" encoding="utf-8"?>
<Project ToolsVersion="4.0" xmlns="http://schemas.microsoft.com/developer/msbuild/2003">
  <ItemGroup>
    <Filter Include="Source Files">
      <UniqueIdentifier>{4FC737F1-C7A5-4376-A066-2A32D752A2FF}</UniqueIdentifier>
      <Extensions>cpp;c;cc;cxx;def;odl;idl;hpj;bat;asm;asmx</Extensions>
    </Filter>
    <Filter Include="Header Files">
      <UniqueIdentifier>{93995380-89BD-4b04-88EB-625FBE52EBFB}</UniqueIdentifier>
      <Extensions>h;hh;hpp;hxx;hm;inl;inc;xsd</Extensions>
    </Filter>
    <Filter Include="Resource Files">
      <UniqueIdentifier>{67DA6AB6-F800-4c08-8B7A-83BB121AAD01}</UniqueIdentifier>
      <Extensions>rc;ico;cur;bmp;dlg;rc2;rct;bin;rgs;gif;jpg;jpeg;jpe;resx;tiff;tif;png;wav;mfcribbon-ms</Extensions>
    </Filter>
  </ItemGroup>
  <ItemGroup>
    <ClInclude Include="inc\libwpd\libwpd.h">
      <Filter>Header Files</Filter>
    </ClInclude>
    <ClInclude Include="inc\libwpd\WPDocument.h">
      <Filter>Header Files</Filter>
    </ClInclude>
    <ClInclude Include="src\libwpd_internal.h">
      <Filter>Header Files</Filter>
    </ClInclude>
    <ClInclude Include="src\libwpd_math.h">
      <Filter>Header Files</Filter>
    </ClInclude>
    <ClInclude Include="src\WP1BottomMarginGroup.h">
      <Filter>Header Files</Filter>
    </ClInclude>
    <ClInclude Include="src\WP1CenterTextGroup.h">
      <Filter>Header Files</Filter>
    </ClInclude>
    <ClInclude Include="src\WP1ContentListener.h">
      <Filter>Header Files</Filter>
    </ClInclude>
    <ClInclude Include="src\WP1ExtendedCharacterGroup.h">
      <Filter>Header Files</Filter>
    </ClInclude>
    <ClInclude Include="src\WP1FileStructure.h">
      <Filter>Header Files</Filter>
    </ClInclude>
    <ClInclude Include="src\WP1FixedLengthGroup.h">
      <Filter>Header Files</Filter>
    </ClInclude>
    <ClInclude Include="src\WP1FlushRightGroup.h">
      <Filter>Header Files</Filter>
    </ClInclude>
    <ClInclude Include="src\WP1FontIdGroup.h">
      <Filter>Header Files</Filter>
    </ClInclude>
    <ClInclude Include="src\WP1FootnoteEndnoteGroup.h">
      <Filter>Header Files</Filter>
    </ClInclude>
    <ClInclude Include="src\WP1HeaderFooterGroup.h">
      <Filter>Header Files</Filter>
    </ClInclude>
    <ClInclude Include="src\WP1Heuristics.h">
      <Filter>Header Files</Filter>
    </ClInclude>
    <ClInclude Include="src\WP1JustificationGroup.h">
      <Filter>Header Files</Filter>
    </ClInclude>
    <ClInclude Include="src\WP1LeftIndentGroup.h">
      <Filter>Header Files</Filter>
    </ClInclude>
    <ClInclude Include="src\WP1LeftRightIndentGroup.h">
      <Filter>Header Files</Filter>
    </ClInclude>
    <ClInclude Include="src\WP1Listener.h">
      <Filter>Header Files</Filter>
    </ClInclude>
    <ClInclude Include="src\WP1MarginReleaseGroup.h">
      <Filter>Header Files</Filter>
    </ClInclude>
    <ClInclude Include="src\WP1MarginResetGroup.h">
      <Filter>Header Files</Filter>
    </ClInclude>
    <ClInclude Include="src\WP1Parser.h">
      <Filter>Header Files</Filter>
    </ClInclude>
    <ClInclude Include="src\WP1Part.h">
      <Filter>Header Files</Filter>
    </ClInclude>
    <ClInclude Include="src\WP1PictureGroup.h">
      <Filter>Header Files</Filter>
    </ClInclude>
    <ClInclude Include="src\WP1PointSizeGroup.h">
      <Filter>Header Files</Filter>
    </ClInclude>
    <ClInclude Include="src\WP1SetTabsGroup.h">
      <Filter>Header Files</Filter>
    </ClInclude>
    <ClInclude Include="src\WP1SpacingResetGroup.h">
      <Filter>Header Files</Filter>
    </ClInclude>
    <ClInclude Include="src\WP1StylesListener.h">
      <Filter>Header Files</Filter>
    </ClInclude>
    <ClInclude Include="src\WP1SubDocument.h">
      <Filter>Header Files</Filter>
    </ClInclude>
    <ClInclude Include="src\WP1SuppressPageCharacteristicsGroup.h">
      <Filter>Header Files</Filter>
    </ClInclude>
    <ClInclude Include="src\WP1TopMarginGroup.h">
      <Filter>Header Files</Filter>
    </ClInclude>
    <ClInclude Include="src\WP1UnsupportedFixedLengthGroup.h">
      <Filter>Header Files</Filter>
    </ClInclude>
    <ClInclude Include="src\WP1UnsupportedVariableLengthGroup.h">
      <Filter>Header Files</Filter>
    </ClInclude>
    <ClInclude Include="src\WP1VariableLengthGroup.h">
      <Filter>Header Files</Filter>
    </ClInclude>
    <ClInclude Include="src\WP3AttributeGroup.h">
      <Filter>Header Files</Filter>
    </ClInclude>
    <ClInclude Include="src\WP3ContentListener.h">
      <Filter>Header Files</Filter>
    </ClInclude>
    <ClInclude Include="src\WP3DefinitionGroup.h">
      <Filter>Header Files</Filter>
    </ClInclude>
    <ClInclude Include="src\WP3DisplayGroup.h">
      <Filter>Header Files</Filter>
    </ClInclude>
    <ClInclude Include="src\WP3DoubleByteScriptCharacterGroup.h">
      <Filter>Header Files</Filter>
    </ClInclude>
    <ClInclude Include="src\WP3EndOfLinePageGroup.h">
      <Filter>Header Files</Filter>
    </ClInclude>
    <ClInclude Include="src\WP3ExtendedCharacterGroup.h">
      <Filter>Header Files</Filter>
    </ClInclude>
    <ClInclude Include="src\WP3FileStructure.h">
      <Filter>Header Files</Filter>
    </ClInclude>
    <ClInclude Include="src\WP3FixedLengthGroup.h">
      <Filter>Header Files</Filter>
    </ClInclude>
    <ClInclude Include="src\WP3FontGroup.h">
      <Filter>Header Files</Filter>
    </ClInclude>
    <ClInclude Include="src\WP3FootnoteEndnoteGroup.h">
      <Filter>Header Files</Filter>
    </ClInclude>
    <ClInclude Include="src\WP3Header.h">
      <Filter>Header Files</Filter>
    </ClInclude>
    <ClInclude Include="src\WP3HeaderFooterGroup.h">
      <Filter>Header Files</Filter>
    </ClInclude>
    <ClInclude Include="src\WP3IndentGroup.h">
      <Filter>Header Files</Filter>
    </ClInclude>
    <ClInclude Include="src\WP3Listener.h">
      <Filter>Header Files</Filter>
    </ClInclude>
    <ClInclude Include="src\WP3MiscellaneousGroup.h">
      <Filter>Header Files</Filter>
    </ClInclude>
    <ClInclude Include="src\WP3PageFormatGroup.h">
      <Filter>Header Files</Filter>
    </ClInclude>
    <ClInclude Include="src\WP3Parser.h">
      <Filter>Header Files</Filter>
    </ClInclude>
    <ClInclude Include="src\WP3Part.h">
      <Filter>Header Files</Filter>
    </ClInclude>
    <ClInclude Include="src\WP3Resource.h">
      <Filter>Header Files</Filter>
    </ClInclude>
    <ClInclude Include="src\WP3ResourceFork.h">
      <Filter>Header Files</Filter>
    </ClInclude>
    <ClInclude Include="src\WP3SingleByteFunction.h">
      <Filter>Header Files</Filter>
    </ClInclude>
    <ClInclude Include="src\WP3StylesListener.h">
      <Filter>Header Files</Filter>
    </ClInclude>
    <ClInclude Include="src\WP3SubDocument.h">
      <Filter>Header Files</Filter>
    </ClInclude>
    <ClInclude Include="src\WP3TabGroup.h">
      <Filter>Header Files</Filter>
    </ClInclude>
    <ClInclude Include="src\WP3TablesGroup.h">
      <Filter>Header Files</Filter>
    </ClInclude>
    <ClInclude Include="src\WP3UndoGroup.h">
      <Filter>Header Files</Filter>
    </ClInclude>
    <ClInclude Include="src\WP3UnsupportedFixedLengthGroup.h">
      <Filter>Header Files</Filter>
    </ClInclude>
    <ClInclude Include="src\WP3UnsupportedVariableLengthGroup.h">
      <Filter>Header Files</Filter>
    </ClInclude>
    <ClInclude Include="src\WP3VariableLengthGroup.h">
      <Filter>Header Files</Filter>
    </ClInclude>
    <ClInclude Include="src\WP3WindowGroup.h">
      <Filter>Header Files</Filter>
    </ClInclude>
    <ClInclude Include="src\WP5AttributeGroup.h">
      <Filter>Header Files</Filter>
    </ClInclude>
    <ClInclude Include="src\WP5BoxGroup.h">
      <Filter>Header Files</Filter>
    </ClInclude>
    <ClInclude Include="src\WP5ContentListener.h">
      <Filter>Header Files</Filter>
    </ClInclude>
    <ClInclude Include="src\WP5DefinitionGroup.h">
      <Filter>Header Files</Filter>
    </ClInclude>
    <ClInclude Include="src\WP5ExtendedCharacterGroup.h">
      <Filter>Header Files</Filter>
    </ClInclude>
    <ClInclude Include="src\WP5FileStructure.h">
      <Filter>Header Files</Filter>
    </ClInclude>
    <ClInclude Include="src\WP5FixedLengthGroup.h">
      <Filter>Header Files</Filter>
    </ClInclude>
    <ClInclude Include="src\WP5FontGroup.h">
      <Filter>Header Files</Filter>
    </ClInclude>
    <ClInclude Include="src\WP5FontNameStringPoolPacket.h">
      <Filter>Header Files</Filter>
    </ClInclude>
    <ClInclude Include="src\WP5FootnoteEndnoteGroup.h">
      <Filter>Header Files</Filter>
    </ClInclude>
    <ClInclude Include="src\WP5GeneralPacketData.h">
      <Filter>Header Files</Filter>
    </ClInclude>
    <ClInclude Include="src\WP5GeneralPacketIndex.h">
      <Filter>Header Files</Filter>
    </ClInclude>
    <ClInclude Include="src\WP5Part.h">
      <Filter>Header Files</Filter>
    </ClInclude>
    <ClInclude Include="src\WP5GraphicsInformationPacket.h">
      <Filter>Header Files</Filter>
    </ClInclude>
    <ClInclude Include="src\WP5Header.h">
      <Filter>Header Files</Filter>
    </ClInclude>
    <ClInclude Include="src\WP5HeaderFooterGroup.h">
      <Filter>Header Files</Filter>
    </ClInclude>
    <ClInclude Include="src\WP5IndentGroup.h">
      <Filter>Header Files</Filter>
    </ClInclude>
    <ClInclude Include="src\WP5Listener.h">
      <Filter>Header Files</Filter>
    </ClInclude>
    <ClInclude Include="src\WP5ListFontsUsedPacket.h">
      <Filter>Header Files</Filter>
    </ClInclude>
    <ClInclude Include="src\WP5PageFormatGroup.h">
      <Filter>Header Files</Filter>
    </ClInclude>
    <ClInclude Include="src\WP5Parser.h">
      <Filter>Header Files</Filter>
    </ClInclude>
    <ClInclude Include="src\WP5PrefixData.h">
      <Filter>Header Files</Filter>
    </ClInclude>
    <ClInclude Include="src\WP5SingleByteFunction.h">
      <Filter>Header Files</Filter>
    </ClInclude>
    <ClInclude Include="src\WP5SpecialHeaderIndex.h">
      <Filter>Header Files</Filter>
    </ClInclude>
    <ClInclude Include="src\WP5StylesListener.h">
      <Filter>Header Files</Filter>
    </ClInclude>
    <ClInclude Include="src\WP5SubDocument.h">
      <Filter>Header Files</Filter>
    </ClInclude>
    <ClInclude Include="src\WP5TabGroup.h">
      <Filter>Header Files</Filter>
    </ClInclude>
    <ClInclude Include="src\WP5TableEOLGroup.h">
      <Filter>Header Files</Filter>
    </ClInclude>
    <ClInclude Include="src\WP5TableEOPGroup.h">
      <Filter>Header Files</Filter>
    </ClInclude>
    <ClInclude Include="src\WP5UnsupportedFixedLengthGroup.h">
      <Filter>Header Files</Filter>
    </ClInclude>
    <ClInclude Include="src\WP5UnsupportedVariableLengthGroup.h">
      <Filter>Header Files</Filter>
    </ClInclude>
    <ClInclude Include="src\WP5VariableLengthGroup.h">
      <Filter>Header Files</Filter>
    </ClInclude>
    <ClInclude Include="src\WP6AttributeGroup.h">
      <Filter>Header Files</Filter>
    </ClInclude>
    <ClInclude Include="src\WP6BoxGroup.h">
      <Filter>Header Files</Filter>
    </ClInclude>
    <ClInclude Include="src\WP6CharacterGroup.h">
      <Filter>Header Files</Filter>
    </ClInclude>
    <ClInclude Include="src\WP6ColumnGroup.h">
      <Filter>Header Files</Filter>
    </ClInclude>
    <ClInclude Include="src\WP6CommentAnnotationPacket.h">
      <Filter>Header Files</Filter>
    </ClInclude>
    <ClInclude Include="src\WP6ContentListener.h">
      <Filter>Header Files</Filter>
    </ClInclude>
    <ClInclude Include="src\WP6DefaultInitialFontPacket.h">
      <Filter>Header Files</Filter>
    </ClInclude>
    <ClInclude Include="src\WP6DisplayNumberReferenceGroup.h">
      <Filter>Header Files</Filter>
    </ClInclude>
    <ClInclude Include="src\WP6EOLGroup.h">
      <Filter>Header Files</Filter>
    </ClInclude>
    <ClInclude Include="src\WP6ExtendedCharacterGroup.h">
      <Filter>Header Files</Filter>
    </ClInclude>
    <ClInclude Include="src\WP6ExtendedDocumentSummaryPacket.h">
      <Filter>Header Files</Filter>
    </ClInclude>
    <ClInclude Include="src\WP6FileStructure.h">
      <Filter>Header Files</Filter>
    </ClInclude>
    <ClInclude Include="src\WP6FillStylePacket.h">
      <Filter>Header Files</Filter>
    </ClInclude>
    <ClInclude Include="src\WP6FixedLengthGroup.h">
      <Filter>Header Files</Filter>
    </ClInclude>
    <ClInclude Include="src\WP6FontDescriptorPacket.h">
      <Filter>Header Files</Filter>
    </ClInclude>
    <ClInclude Include="src\WP6FootnoteEndnoteGroup.h">
      <Filter>Header Files</Filter>
    </ClInclude>
    <ClInclude Include="src\WP6GeneralTextPacket.h">
      <Filter>Header Files</Filter>
    </ClInclude>
    <ClInclude Include="src\WP6GraphicsBoxStylePacket.h">
      <Filter>Header Files</Filter>
    </ClInclude>
    <ClInclude Include="src\WP6GraphicsCachedFileDataPacket.h">
      <Filter>Header Files</Filter>
    </ClInclude>
    <ClInclude Include="src\WP6GraphicsFilenamePacket.h">
      <Filter>Header Files</Filter>
    </ClInclude>
    <ClInclude Include="src\WP6Header.h">
      <Filter>Header Files</Filter>
    </ClInclude>
    <ClInclude Include="src\WP6HeaderFooterGroup.h">
      <Filter>Header Files</Filter>
    </ClInclude>
    <ClInclude Include="src\WP6HighlightGroup.h">
      <Filter>Header Files</Filter>
    </ClInclude>
    <ClInclude Include="src\WP6HyperlinkPacket.h">
      <Filter>Header Files</Filter>
    </ClInclude>
    <ClInclude Include="src\WP6Listener.h">
      <Filter>Header Files</Filter>
    </ClInclude>
    <ClInclude Include="src\WP6NumberingMethodGroup.h">
      <Filter>Header Files</Filter>
    </ClInclude>
    <ClInclude Include="src\WP6OutlineStylePacket.h">
      <Filter>Header Files</Filter>
    </ClInclude>
    <ClInclude Include="src\WP6PageGroup.h">
      <Filter>Header Files</Filter>
    </ClInclude>
    <ClInclude Include="src\WP6ParagraphGroup.h">
      <Filter>Header Files</Filter>
    </ClInclude>
    <ClInclude Include="src\WP6Parser.h">
      <Filter>Header Files</Filter>
    </ClInclude>
    <ClInclude Include="src\WP6Part.h">
      <Filter>Header Files</Filter>
    </ClInclude>
    <ClInclude Include="src\WP6PrefixData.h">
      <Filter>Header Files</Filter>
    </ClInclude>
    <ClInclude Include="src\WP6PrefixDataPacket.h">
      <Filter>Header Files</Filter>
    </ClInclude>
    <ClInclude Include="src\WP6PrefixIndice.h">
      <Filter>Header Files</Filter>
    </ClInclude>
    <ClInclude Include="src\WP6SetNumberGroup.h">
      <Filter>Header Files</Filter>
    </ClInclude>
    <ClInclude Include="src\WP6SingleByteFunction.h">
      <Filter>Header Files</Filter>
    </ClInclude>
    <ClInclude Include="src\WP6StyleGroup.h">
      <Filter>Header Files</Filter>
    </ClInclude>
    <ClInclude Include="src\WP6StylesListener.h">
      <Filter>Header Files</Filter>
    </ClInclude>
    <ClInclude Include="src\WP6SubDocument.h">
      <Filter>Header Files</Filter>
    </ClInclude>
    <ClInclude Include="src\WP6TabGroup.h">
      <Filter>Header Files</Filter>
    </ClInclude>
    <ClInclude Include="src\WP6TableStylePacket.h">
      <Filter>Header Files</Filter>
    </ClInclude>
    <ClInclude Include="src\WP6TibetanMap.h">
      <Filter>Header Files</Filter>
    </ClInclude>
    <ClInclude Include="src\WP6UndoGroup.h">
      <Filter>Header Files</Filter>
    </ClInclude>
    <ClInclude Include="src\WP6UnsupportedFixedLengthGroup.h">
      <Filter>Header Files</Filter>
    </ClInclude>
    <ClInclude Include="src\WP6UnsupportedVariableLengthGroup.h">
      <Filter>Header Files</Filter>
    </ClInclude>
    <ClInclude Include="src\WP6VariableLengthGroup.h">
      <Filter>Header Files</Filter>
    </ClInclude>
    <ClInclude Include="src\WP42ContentListener.h">
      <Filter>Header Files</Filter>
    </ClInclude>
    <ClInclude Include="src\WP42DefineColumnsGroup.h">
      <Filter>Header Files</Filter>
    </ClInclude>
    <ClInclude Include="src\WP42ExtendedCharacterGroup.h">
      <Filter>Header Files</Filter>
    </ClInclude>
    <ClInclude Include="src\WP42FileStructure.h">
      <Filter>Header Files</Filter>
    </ClInclude>
    <ClInclude Include="src\WP42HeaderFooterGroup.h">
      <Filter>Header Files</Filter>
    </ClInclude>
    <ClInclude Include="src\WP42Heuristics.h">
      <Filter>Header Files</Filter>
    </ClInclude>
    <ClInclude Include="src\WP42Listener.h">
      <Filter>Header Files</Filter>
    </ClInclude>
    <ClInclude Include="src\WP42MarginResetGroup.h">
      <Filter>Header Files</Filter>
    </ClInclude>
    <ClInclude Include="src\WP42MultiByteFunctionGroup.h">
      <Filter>Header Files</Filter>
    </ClInclude>
    <ClInclude Include="src\WP42Parser.h">
      <Filter>Header Files</Filter>
    </ClInclude>
    <ClInclude Include="src\WP42Part.h">
      <Filter>Header Files</Filter>
    </ClInclude>
    <ClInclude Include="src\WP42StylesListener.h">
      <Filter>Header Files</Filter>
    </ClInclude>
    <ClInclude Include="src\WP42SubDocument.h">
      <Filter>Header Files</Filter>
    </ClInclude>
    <ClInclude Include="src\WP42SuppressPageCharacteristicsGroup.h">
      <Filter>Header Files</Filter>
    </ClInclude>
    <ClInclude Include="src\WP42UnsupportedMultiByteFunctionGroup.h">
      <Filter>Header Files</Filter>
    </ClInclude>
    <ClInclude Include="src\WP60Header.h">
      <Filter>Header Files</Filter>
    </ClInclude>
    <ClInclude Include="src\WP61Header.h">
      <Filter>Header Files</Filter>
    </ClInclude>
    <ClInclude Include="src\WPXContentListener.h">
      <Filter>Header Files</Filter>
    </ClInclude>
    <ClInclude Include="src\WPXEncryption.h">
      <Filter>Header Files</Filter>
    </ClInclude>
    <ClInclude Include="src\WPXFileStructure.h">
      <Filter>Header Files</Filter>
    </ClInclude>
    <ClInclude Include="src\WPXHeader.h">
      <Filter>Header Files</Filter>
    </ClInclude>
    <ClInclude Include="src\WPXListener.h">
      <Filter>Header Files</Filter>
    </ClInclude>
    <ClInclude Include="src\WPXMemoryStream.h">
      <Filter>Header Files</Filter>
    </ClInclude>
    <ClInclude Include="src\WPXPageSpan.h">
      <Filter>Header Files</Filter>
    </ClInclude>
    <ClInclude Include="src\WPXParser.h">
      <Filter>Header Files</Filter>
    </ClInclude>
    <ClInclude Include="src\WPXStylesListener.h">
      <Filter>Header Files</Filter>
    </ClInclude>
    <ClInclude Include="src\WPXSubDocument.h">
      <Filter>Header Files</Filter>
    </ClInclude>
    <ClInclude Include="src\WPXTable.h">
      <Filter>Header Files</Filter>
    </ClInclude>
  </ItemGroup>
  <ItemGroup>
    <ResourceCompile Include="src\libwpd.rc">
      <Filter>Resource Files</Filter>
    </ResourceCompile>
  </ItemGroup>
  <ItemGroup>
    <ClCompile Include="src\libwpd_internal.cpp">
      <Filter>Source Files</Filter>
    </ClCompile>
    <ClCompile Include="src\libwpd_math.cpp">
      <Filter>Source Files</Filter>
    </ClCompile>
    <ClCompile Include="src\WP1BottomMarginGroup.cpp">
      <Filter>Source Files</Filter>
    </ClCompile>
    <ClCompile Include="src\WP1CenterTextGroup.cpp">
      <Filter>Source Files</Filter>
    </ClCompile>
    <ClCompile Include="src\WP1ContentListener.cpp">
      <Filter>Source Files</Filter>
    </ClCompile>
    <ClCompile Include="src\WP1ExtendedCharacterGroup.cpp">
      <Filter>Source Files</Filter>
    </ClCompile>
    <ClCompile Include="src\WP1FileStructure.cpp">
      <Filter>Source Files</Filter>
    </ClCompile>
    <ClCompile Include="src\WP1FixedLengthGroup.cpp">
      <Filter>Source Files</Filter>
    </ClCompile>
    <ClCompile Include="src\WP1FlushRightGroup.cpp">
      <Filter>Source Files</Filter>
    </ClCompile>
    <ClCompile Include="src\WP1FontIdGroup.cpp">
      <Filter>Source Files</Filter>
    </ClCompile>
    <ClCompile Include="src\WP1FootnoteEndnoteGroup.cpp">
      <Filter>Source Files</Filter>
    </ClCompile>
    <ClCompile Include="src\WP1HeaderFooterGroup.cpp">
      <Filter>Source Files</Filter>
    </ClCompile>
    <ClCompile Include="src\WP1Heuristics.cpp">
      <Filter>Source Files</Filter>
    </ClCompile>
    <ClCompile Include="src\WP1JustificationGroup.cpp">
      <Filter>Source Files</Filter>
    </ClCompile>
    <ClCompile Include="src\WP1LeftIndentGroup.cpp">
      <Filter>Source Files</Filter>
    </ClCompile>
    <ClCompile Include="src\WP1LeftRightIndentGroup.cpp">
      <Filter>Source Files</Filter>
    </ClCompile>
    <ClCompile Include="src\WP1Listener.cpp">
      <Filter>Source Files</Filter>
    </ClCompile>
    <ClCompile Include="src\WP1MarginReleaseGroup.cpp">
      <Filter>Source Files</Filter>
    </ClCompile>
    <ClCompile Include="src\WP1MarginResetGroup.cpp">
      <Filter>Source Files</Filter>
    </ClCompile>
    <ClCompile Include="src\WP1Parser.cpp">
      <Filter>Source Files</Filter>
    </ClCompile>
    <ClCompile Include="src\WP1Part.cpp">
      <Filter>Source Files</Filter>
    </ClCompile>
    <ClCompile Include="src\WP1PictureGroup.cpp">
      <Filter>Source Files</Filter>
    </ClCompile>
    <ClCompile Include="src\WP1PointSizeGroup.cpp">
      <Filter>Source Files</Filter>
    </ClCompile>
    <ClCompile Include="src\WP1SetTabsGroup.cpp">
      <Filter>Source Files</Filter>
    </ClCompile>
    <ClCompile Include="src\WP1SpacingResetGroup.cpp">
      <Filter>Source Files</Filter>
    </ClCompile>
    <ClCompile Include="src\WP1StylesListener.cpp">
      <Filter>Source Files</Filter>
    </ClCompile>
    <ClCompile Include="src\WP1SubDocument.cpp">
      <Filter>Source Files</Filter>
    </ClCompile>
    <ClCompile Include="src\WP1SuppressPageCharacteristicsGroup.cpp">
      <Filter>Source Files</Filter>
    </ClCompile>
    <ClCompile Include="src\WP1TopMarginGroup.cpp">
      <Filter>Source Files</Filter>
    </ClCompile>
    <ClCompile Include="src\WP1UnsupportedFixedLengthGroup.cpp">
      <Filter>Source Files</Filter>
    </ClCompile>
    <ClCompile Include="src\WP1UnsupportedVariableLengthGroup.cpp">
      <Filter>Source Files</Filter>
    </ClCompile>
    <ClCompile Include="src\WP1VariableLengthGroup.cpp">
      <Filter>Source Files</Filter>
    </ClCompile>
    <ClCompile Include="src\WP3AttributeGroup.cpp">
      <Filter>Source Files</Filter>
    </ClCompile>
    <ClCompile Include="src\WP3ContentListener.cpp">
      <Filter>Source Files</Filter>
    </ClCompile>
    <ClCompile Include="src\WP3DefinitionGroup.cpp">
      <Filter>Source Files</Filter>
    </ClCompile>
    <ClCompile Include="src\WP3DisplayGroup.cpp">
      <Filter>Source Files</Filter>
    </ClCompile>
    <ClCompile Include="src\WP3DoubleByteScriptCharacterGroup.cpp">
      <Filter>Source Files</Filter>
    </ClCompile>
    <ClCompile Include="src\WP3EndOfLinePageGroup.cpp">
      <Filter>Source Files</Filter>
    </ClCompile>
    <ClCompile Include="src\WP3ExtendedCharacterGroup.cpp">
      <Filter>Source Files</Filter>
    </ClCompile>
    <ClCompile Include="src\WP3FileStructure.cpp">
      <Filter>Source Files</Filter>
    </ClCompile>
    <ClCompile Include="src\WP3FixedLengthGroup.cpp">
      <Filter>Source Files</Filter>
    </ClCompile>
    <ClCompile Include="src\WP3FontGroup.cpp">
      <Filter>Source Files</Filter>
    </ClCompile>
    <ClCompile Include="src\WP3FootnoteEndnoteGroup.cpp">
      <Filter>Source Files</Filter>
    </ClCompile>
    <ClCompile Include="src\WP3Header.cpp">
      <Filter>Source Files</Filter>
    </ClCompile>
    <ClCompile Include="src\WP3HeaderFooterGroup.cpp">
      <Filter>Source Files</Filter>
    </ClCompile>
    <ClCompile Include="src\WP3IndentGroup.cpp">
      <Filter>Source Files</Filter>
    </ClCompile>
    <ClCompile Include="src\WP3Listener.cpp">
      <Filter>Source Files</Filter>
    </ClCompile>
    <ClCompile Include="src\WP3MiscellaneousGroup.cpp">
      <Filter>Source Files</Filter>
    </ClCompile>
    <ClCompile Include="src\WP3PageFormatGroup.cpp">
      <Filter>Source Files</Filter>
    </ClCompile>
    <ClCompile Include="src\WP3Parser.cpp">
      <Filter>Source Files</Filter>
    </ClCompile>
    <ClCompile Include="src\WP3Part.cpp">
      <Filter>Source Files</Filter>
    </ClCompile>
    <ClCompile Include="src\WP3Resource.cpp">
      <Filter>Source Files</Filter>
    </ClCompile>
    <ClCompile Include="src\WP3ResourceFork.cpp">
      <Filter>Source Files</Filter>
    </ClCompile>
    <ClCompile Include="src\WP3SingleByteFunction.cpp">
      <Filter>Source Files</Filter>
    </ClCompile>
    <ClCompile Include="src\WP3StylesListener.cpp">
      <Filter>Source Files</Filter>
    </ClCompile>
    <ClCompile Include="src\WP3SubDocument.cpp">
      <Filter>Source Files</Filter>
    </ClCompile>
    <ClCompile Include="src\WP3TabGroup.cpp">
      <Filter>Source Files</Filter>
    </ClCompile>
    <ClCompile Include="src\WP3TablesGroup.cpp">
      <Filter>Source Files</Filter>
    </ClCompile>
    <ClCompile Include="src\WP3UndoGroup.cpp">
      <Filter>Source Files</Filter>
    </ClCompile>
    <ClCompile Include="src\WP3UnsupportedFixedLengthGroup.cpp">
      <Filter>Source Files</Filter>
    </ClCompile>
    <ClCompile Include="src\WP3UnsupportedVariableLengthGroup.cpp">
      <Filter>Source Files</Filter>
    </ClCompile>
    <ClCompile Include="src\WP3VariableLengthGroup.cpp">
      <Filter>Source Files</Filter>
    </ClCompile>
    <ClCompile Include="src\WP3WindowGroup.cpp">
      <Filter>Source Files</Filter>
    </ClCompile>
    <ClCompile Include="src\WP5AttributeGroup.cpp">
      <Filter>Source Files</Filter>
    </ClCompile>
    <ClCompile Include="src\WP5BoxGroup.cpp">
      <Filter>Source Files</Filter>
    </ClCompile>
    <ClCompile Include="src\WP5ContentListener.cpp">
      <Filter>Source Files</Filter>
    </ClCompile>
    <ClCompile Include="src\WP5DefinitionGroup.cpp">
      <Filter>Source Files</Filter>
    </ClCompile>
    <ClCompile Include="src\WP5ExtendedCharacterGroup.cpp">
      <Filter>Source Files</Filter>
    </ClCompile>
    <ClCompile Include="src\WP5FileStructure.cpp">
      <Filter>Source Files</Filter>
    </ClCompile>
    <ClCompile Include="src\WP5FixedLengthGroup.cpp">
      <Filter>Source Files</Filter>
    </ClCompile>
    <ClCompile Include="src\WP5FontGroup.cpp">
      <Filter>Source Files</Filter>
    </ClCompile>
    <ClCompile Include="src\WP5FontNameStringPoolPacket.cpp">
      <Filter>Source Files</Filter>
    </ClCompile>
    <ClCompile Include="src\WP5FootnoteEndnoteGroup.cpp">
      <Filter>Source Files</Filter>
    </ClCompile>
    <ClCompile Include="src\WP5GeneralPacketData.cpp">
      <Filter>Source Files</Filter>
    </ClCompile>
    <ClCompile Include="src\WP5GeneralPacketIndex.cpp">
      <Filter>Source Files</Filter>
    </ClCompile>
    <ClCompile Include="src\WP5GraphicsInformationPacket.cpp">
      <Filter>Source Files</Filter>
    </ClCompile>
    <ClCompile Include="src\WP5Header.cpp">
      <Filter>Source Files</Filter>
    </ClCompile>
    <ClCompile Include="src\WP5HeaderFooterGroup.cpp">
      <Filter>Source Files</Filter>
    </ClCompile>
    <ClCompile Include="src\WP5IndentGroup.cpp">
      <Filter>Source Files</Filter>
    </ClCompile>
    <ClCompile Include="src\WP5Listener.cpp">
      <Filter>Source Files</Filter>
    </ClCompile>
    <ClCompile Include="src\WP5ListFontsUsedPacket.cpp">
      <Filter>Source Files</Filter>
    </ClCompile>
    <ClCompile Include="src\WP5PageFormatGroup.cpp">
      <Filter>Source Files</Filter>
    </ClCompile>
    <ClCompile Include="src\WP5Parser.cpp">
      <Filter>Source Files</Filter>
    </ClCompile>
    <ClCompile Include="src\WP5Part.cpp">
      <Filter>Source Files</Filter>
    </ClCompile>
    <ClCompile Include="src\WP5PrefixData.cpp">
      <Filter>Source Files</Filter>
    </ClCompile>
    <ClCompile Include="src\WP5SingleByteFunction.cpp">
      <Filter>Source Files</Filter>
    </ClCompile>
    <ClCompile Include="src\WP5SpecialHeaderIndex.cpp">
      <Filter>Source Files</Filter>
    </ClCompile>
    <ClCompile Include="src\WP5StylesListener.cpp">
      <Filter>Source Files</Filter>
    </ClCompile>
    <ClCompile Include="src\WP5SubDocument.cpp">
      <Filter>Source Files</Filter>
    </ClCompile>
    <ClCompile Include="src\WP5TabGroup.cpp">
      <Filter>Source Files</Filter>
    </ClCompile>
    <ClCompile Include="src\WP5TableEOLGroup.cpp">
      <Filter>Source Files</Filter>
    </ClCompile>
    <ClCompile Include="src\WP5TableEOPGroup.cpp">
      <Filter>Source Files</Filter>
    </ClCompile>
    <ClCompile Include="src\WP5UnsupportedFixedLengthGroup.cpp">
      <Filter>Source Files</Filter>
    </ClCompile>
    <ClCompile Include="src\WP5UnsupportedVariableLengthGroup.cpp">
      <Filter>Source Files</Filter>
    </ClCompile>
    <ClCompile Include="src\WP5VariableLengthGroup.cpp">
      <Filter>Source Files</Filter>
    </ClCompile>
    <ClCompile Include="src\WP6AttributeGroup.cpp">
      <Filter>Source Files</Filter>
    </ClCompile>
    <ClCompile Include="src\WP6BoxGroup.cpp">
      <Filter>Source Files</Filter>
    </ClCompile>
    <ClCompile Include="src\WP6CharacterGroup.cpp">
      <Filter>Source Files</Filter>
    </ClCompile>
    <ClCompile Include="src\WP6ColumnGroup.cpp">
      <Filter>Source Files</Filter>
    </ClCompile>
    <ClCompile Include="src\WP6CommentAnnotationPacket.cpp">
      <Filter>Source Files</Filter>
    </ClCompile>
    <ClCompile Include="src\WP6ContentListener.cpp">
      <Filter>Source Files</Filter>
    </ClCompile>
    <ClCompile Include="src\WP6DefaultInitialFontPacket.cpp">
      <Filter>Source Files</Filter>
    </ClCompile>
    <ClCompile Include="src\WP6DisplayNumberReferenceGroup.cpp">
      <Filter>Source Files</Filter>
    </ClCompile>
    <ClCompile Include="src\WP6EOLGroup.cpp">
      <Filter>Source Files</Filter>
    </ClCompile>
    <ClCompile Include="src\WP6ExtendedCharacterGroup.cpp">
      <Filter>Source Files</Filter>
    </ClCompile>
    <ClCompile Include="src\WP6ExtendedDocumentSummaryPacket.cpp">
      <Filter>Source Files</Filter>
    </ClCompile>
    <ClCompile Include="src\WP6FileStructure.cpp">
      <Filter>Source Files</Filter>
    </ClCompile>
    <ClCompile Include="src\WP6FillStylePacket.cpp">
      <Filter>Source Files</Filter>
    </ClCompile>
    <ClCompile Include="src\WP6FixedLengthGroup.cpp">
      <Filter>Source Files</Filter>
    </ClCompile>
    <ClCompile Include="src\WP6FontDescriptorPacket.cpp">
      <Filter>Source Files</Filter>
    </ClCompile>
    <ClCompile Include="src\WP6FootnoteEndnoteGroup.cpp">
      <Filter>Source Files</Filter>
    </ClCompile>
    <ClCompile Include="src\WP6GeneralTextPacket.cpp">
      <Filter>Source Files</Filter>
    </ClCompile>
    <ClCompile Include="src\WP6GraphicsBoxStylePacket.cpp">
      <Filter>Source Files</Filter>
    </ClCompile>
    <ClCompile Include="src\WP6GraphicsCachedFileDataPacket.cpp">
      <Filter>Source Files</Filter>
    </ClCompile>
    <ClCompile Include="src\WP6GraphicsFilenamePacket.cpp">
      <Filter>Source Files</Filter>
    </ClCompile>
    <ClCompile Include="src\WP6Header.cpp">
      <Filter>Source Files</Filter>
    </ClCompile>
    <ClCompile Include="src\WP6HeaderFooterGroup.cpp">
      <Filter>Source Files</Filter>
    </ClCompile>
    <ClCompile Include="src\WP6HighlightGroup.cpp">
      <Filter>Source Files</Filter>
    </ClCompile>
    <ClCompile Include="src\WP6HyperlinkPacket.cpp">
      <Filter>Source Files</Filter>
    </ClCompile>
    <ClCompile Include="src\WP6Listener.cpp">
      <Filter>Source Files</Filter>
    </ClCompile>
    <ClCompile Include="src\WP6NumberingMethodGroup.cpp">
      <Filter>Source Files</Filter>
    </ClCompile>
    <ClCompile Include="src\WP6OutlineStylePacket.cpp">
      <Filter>Source Files</Filter>
    </ClCompile>
    <ClCompile Include="src\WP6PageGroup.cpp">
      <Filter>Source Files</Filter>
    </ClCompile>
    <ClCompile Include="src\WP6ParagraphGroup.cpp">
      <Filter>Source Files</Filter>
    </ClCompile>
    <ClCompile Include="src\WP6Parser.cpp">
      <Filter>Source Files</Filter>
    </ClCompile>
    <ClCompile Include="src\WP6Part.cpp">
      <Filter>Source Files</Filter>
    </ClCompile>
    <ClCompile Include="src\WP6PrefixData.cpp">
      <Filter>Source Files</Filter>
    </ClCompile>
    <ClCompile Include="src\WP6PrefixDataPacket.cpp">
      <Filter>Source Files</Filter>
    </ClCompile>
    <ClCompile Include="src\WP6PrefixIndice.cpp">
      <Filter>Source Files</Filter>
    </ClCompile>
    <ClCompile Include="src\WP6SetNumberGroup.cpp">
      <Filter>Source Files</Filter>
    </ClCompile>
    <ClCompile Include="src\WP6SingleByteFunction.cpp">
      <Filter>Source Files</Filter>
    </ClCompile>
    <ClCompile Include="src\WP6StyleGroup.cpp">
      <Filter>Source Files</Filter>
    </ClCompile>
    <ClCompile Include="src\WP6StylesListener.cpp">
      <Filter>Source Files</Filter>
    </ClCompile>
    <ClCompile Include="src\WP6SubDocument.cpp">
      <Filter>Source Files</Filter>
    </ClCompile>
    <ClCompile Include="src\WP6TabGroup.cpp">
      <Filter>Source Files</Filter>
    </ClCompile>
    <ClCompile Include="src\WP6TableStylePacket.cpp">
      <Filter>Source Files</Filter>
    </ClCompile>
    <ClCompile Include="src\WP6UndoGroup.cpp">
      <Filter>Source Files</Filter>
    </ClCompile>
    <ClCompile Include="src\WP6UnsupportedFixedLengthGroup.cpp">
      <Filter>Source Files</Filter>
    </ClCompile>
    <ClCompile Include="src\WP6UnsupportedVariableLengthGroup.cpp">
      <Filter>Source Files</Filter>
    </ClCompile>
    <ClCompile Include="src\WP6VariableLengthGroup.cpp">
      <Filter>Source Files</Filter>
    </ClCompile>
    <ClCompile Include="src\WP42ContentListener.cpp">
      <Filter>Source Files</Filter>
    </ClCompile>
    <ClCompile Include="src\WP42DefineColumnsGroup.cpp">
      <Filter>Source Files</Filter>
    </ClCompile>
    <ClCompile Include="src\WP42ExtendedCharacterGroup.cpp">
      <Filter>Source Files</Filter>
    </ClCompile>
    <ClCompile Include="src\WP42FileStructure.cpp">
      <Filter>Source Files</Filter>
    </ClCompile>
    <ClCompile Include="src\WP42HeaderFooterGroup.cpp">
      <Filter>Source Files</Filter>
    </ClCompile>
    <ClCompile Include="src\WP42Heuristics.cpp">
      <Filter>Source Files</Filter>
    </ClCompile>
    <ClCompile Include="src\WP42Listener.cpp">
      <Filter>Source Files</Filter>
    </ClCompile>
    <ClCompile Include="src\WP42MarginResetGroup.cpp">
      <Filter>Source Files</Filter>
    </ClCompile>
    <ClCompile Include="src\WP42MultiByteFunctionGroup.cpp">
      <Filter>Source Files</Filter>
    </ClCompile>
    <ClCompile Include="src\WP42Parser.cpp">
      <Filter>Source Files</Filter>
    </ClCompile>
    <ClCompile Include="src\WP42Part.cpp">
      <Filter>Source Files</Filter>
    </ClCompile>
    <ClCompile Include="src\WP42StylesListener.cpp">
      <Filter>Source Files</Filter>
    </ClCompile>
    <ClCompile Include="src\WP42SubDocument.cpp">
      <Filter>Source Files</Filter>
    </ClCompile>
    <ClCompile Include="src\WP42SuppressPageCharacteristicsGroup.cpp">
      <Filter>Source Files</Filter>
    </ClCompile>
    <ClCompile Include="src\WP42UnsupportedMultiByteFunctionGroup.cpp">
      <Filter>Source Files</Filter>
    </ClCompile>
    <ClCompile Include="src\WP60Header.cpp">
      <Filter>Source Files</Filter>
    </ClCompile>
    <ClCompile Include="src\WP61Header.cpp">
      <Filter>Source Files</Filter>
    </ClCompile>
    <ClCompile Include="src\WPDocument.cpp">
      <Filter>Source Files</Filter>
    </ClCompile>
    <ClCompile Include="src\WPXContentListener.cpp">
      <Filter>Source Files</Filter>
    </ClCompile>
    <ClCompile Include="src\WPXEncryption.cpp">
      <Filter>Source Files</Filter>
    </ClCompile>
    <ClCompile Include="src\WPXHeader.cpp">
      <Filter>Source Files</Filter>
    </ClCompile>
    <ClCompile Include="src\WPXListener.cpp">
      <Filter>Source Files</Filter>
    </ClCompile>
    <ClCompile Include="src\WPXMemoryStream.cpp">
      <Filter>Source Files</Filter>
    </ClCompile>
    <ClCompile Include="src\WPXPageSpan.cpp">
      <Filter>Source Files</Filter>
    </ClCompile>
    <ClCompile Include="src\WPXParser.cpp">
      <Filter>Source Files</Filter>
    </ClCompile>
    <ClCompile Include="src\WPXStylesListener.cpp">
      <Filter>Source Files</Filter>
    </ClCompile>
    <ClCompile Include="src\WPXSubDocument.cpp">
      <Filter>Source Files</Filter>
    </ClCompile>
    <ClCompile Include="src\WPXTable.cpp">
      <Filter>Source Files</Filter>
    </ClCompile>
  </ItemGroup>
</Project>