<?xml version="1.0" encoding="utf-8"?>
<Project ToolsVersion="4.0" xmlns="http://schemas.microsoft.com/developer/msbuild/2003">
  <ItemGroup>
    <Filter Include="Source Files">
      <UniqueIdentifier>{4FC737F1-C7A5-4376-A066-2A32D752A2FF}</UniqueIdentifier>
      <Extensions>cpp;c;cc;cxx;def;odl;idl;hpj;bat;asm;asmx</Extensions>
    </Filter>
    <Filter Include="Header Files">
      <UniqueIdentifier>{93995380-89BD-4b04-88EB-625FBE52EBFB}</UniqueIdentifier>
      <Extensions>h;hh;hpp;hxx;hm;inl;inc;xsd</Extensions>
    </Filter>
    <Filter Include="Resource Files">
      <UniqueIdentifier>{67DA6AB6-F800-4c08-8B7A-83BB121AAD01}</UniqueIdentifier>
      <Extensions>rc;ico;cur;bmp;dlg;rc2;rct;bin;rgs;gif;jpg;jpeg;jpe;resx;tiff;tif;png;wav;mfcribbon-ms</Extensions>
    </Filter>
  </ItemGroup>
  <ItemGroup>
    <ClInclude Include="inc\librevenge\librevenge.h">
      <Filter>Header Files</Filter>
    </ClInclude>
    <ClInclude Include="inc\librevenge\librevenge-api.h">
      <Filter>Header Files</Filter>
    </ClInclude>
    <ClInclude Include="inc\librevenge\RVNGBinaryData.h">
      <Filter>Header Files</Filter>
    </ClInclude>
    <ClInclude Include="inc\librevenge\RVNGDrawingInterface.h">
      <Filter>Header Files</Filter>
    </ClInclude>
    <ClInclude Include="inc\librevenge\RVNGPresentationInterface.h">
      <Filter>Header Files</Filter>
    </ClInclude>
    <ClInclude Include="inc\librevenge\RVNGProperty.h">
      <Filter>Header Files</Filter>
    </ClInclude>
    <ClInclude Include="inc\librevenge\RVNGPropertyList.h">
      <Filter>Header Files</Filter>
    </ClInclude>
    <ClInclude Include="inc\librevenge\RVNGPropertyListVector.h">
      <Filter>Header Files</Filter>
    </ClInclude>
    <ClInclude Include="inc\librevenge\RVNGSpreadsheetInterface.h">
      <Filter>Header Files</Filter>
    </ClInclude>
    <ClInclude Include="inc\librevenge\RVNGString.h">
      <Filter>Header Files</Filter>
    </ClInclude>
    <ClInclude Include="inc\librevenge\RVNGStringVector.h">
      <Filter>Header Files</Filter>
    </ClInclude>
    <ClInclude Include="inc\librevenge\RVNGSVGDrawingGenerator.h">
      <Filter>Header Files</Filter>
    </ClInclude>
    <ClInclude Include="inc\librevenge\RVNGTextInterface.h">
      <Filter>Header Files</Filter>
    </ClInclude>
    <ClInclude Include="src\librevenge_internal.h">
      <Filter>Header Files</Filter>
    </ClInclude>
    <ClInclude Include="src\RVNGHTMLTextTableStyle.h">
      <Filter>Header Files</Filter>
    </ClInclude>
    <ClInclude Include="src\RVNGHTMLTextTextStyle.h">
      <Filter>Header Files</Filter>
    </ClInclude>
    <ClInclude Include="src\RVNGMemoryStream.h">
      <Filter>Header Files</Filter>
    </ClInclude>
    <ClInclude Include="src\RVNGOLEStream.h">
      <Filter>Header Files</Filter>
    </ClInclude>
    <ClInclude Include="src\RVNGRawGeneratorBase.h">
      <Filter>Header Files</Filter>
    </ClInclude>
    <ClInclude Include="src\RVNGZipStream.h">
      <Filter>Header Files</Filter>
    </ClInclude>
    <ClInclude Include="inc\librevenge-generators\librevenge-generators.h">
      <Filter>Header Files</Filter>
    </ClInclude>
    <ClInclude Include="inc\librevenge-generators\librevenge-generators-api.h">
      <Filter>Header Files</Filter>
    </ClInclude>
    <ClInclude Include="inc\librevenge-generators\RVNGCSVSpreadsheetGenerator.h">
      <Filter>Header Files</Filter>
    </ClInclude>
    <ClInclude Include="inc\librevenge-generators\RVNGHTMLTextGenerator.h">
      <Filter>Header Files</Filter>
    </ClInclude>
    <ClInclude Include="inc\librevenge-generators\RVNGRawDrawingGenerator.h">
      <Filter>Header Files</Filter>
    </ClInclude>
    <ClInclude Include="inc\librevenge-generators\RVNGRawPresentationGenerator.h">
      <Filter>Header Files</Filter>
    </ClInclude>
    <ClInclude Include="inc\librevenge-generators\RVNGRawSpreadsheetGenerator.h">
      <Filter>Header Files</Filter>
    </ClInclude>
    <ClInclude Include="inc\librevenge-generators\RVNGRawTextGenerator.h">
      <Filter>Header Files</Filter>
    </ClInclude>
    <ClInclude Include="inc\librevenge-generators\RVNGSVGPresentationGenerator.h">
      <Filter>Header Files</Filter>
    </ClInclude>
    <ClInclude Include="inc\librevenge-generators\RVNGTextDrawingGenerator.h">
      <Filter>Header Files</Filter>
    </ClInclude>
    <ClInclude Include="inc\librevenge-generators\RVNGTextPresentationGenerator.h">
      <Filter>Header Files</Filter>
    </ClInclude>
    <ClInclude Include="inc\librevenge-generators\RVNGTextSpreadsheetGenerator.h">
      <Filter>Header Files</Filter>
    </ClInclude>
    <ClInclude Include="inc\librevenge-generators\RVNGTextTextGenerator.h">
      <Filter>Header Files</Filter>
    </ClInclude>
    <ClInclude Include="inc\librevenge-stream\librevenge-stream.h">
      <Filter>Header Files</Filter>
    </ClInclude>
    <ClInclude Include="inc\librevenge-stream\librevenge-stream-api.h">
      <Filter>Header Files</Filter>
    </ClInclude>
    <ClInclude Include="inc\librevenge-stream\RVNGDirectoryStream.h">
      <Filter>Header Files</Filter>
    </ClInclude>
    <ClInclude Include="inc\librevenge-stream\RVNGStream.h">
      <Filter>Header Files</Filter>
    </ClInclude>
    <ClInclude Include="inc\librevenge-stream\RVNGStreamImplementation.h">
      <Filter>Header Files</Filter>
    </ClInclude>
  </ItemGroup>
  <ItemGroup>
    <ResourceCompile Include="src\librevenge.rc">
      <Filter>Resource Files</Filter>
    </ResourceCompile>
  </ItemGroup>
  <ItemGroup>
    <ClCompile Include="src\RVNGBinaryData.cpp">
      <Filter>Source Files</Filter>
    </ClCompile>
    <ClCompile Include="src\RVNGCSVSpreadsheetGenerator.cpp">
      <Filter>Source Files</Filter>
    </ClCompile>
    <ClCompile Include="src\RVNGDirectoryStream.cpp">
      <Filter>Source Files</Filter>
    </ClCompile>
    <ClCompile Include="src\RVNGHTMLTextGenerator.cpp">
      <Filter>Source Files</Filter>
    </ClCompile>
    <ClCompile Include="src\RVNGHTMLTextTableStyle.cpp">
      <Filter>Source Files</Filter>
    </ClCompile>
    <ClCompile Include="src\RVNGHTMLTextTextStyle.cpp">
      <Filter>Source Files</Filter>
    </ClCompile>
    <ClCompile Include="src\RVNGMemoryStream.cpp">
      <Filter>Source Files</Filter>
    </ClCompile>
    <ClCompile Include="src\RVNGOLEStream.cpp">
      <Filter>Source Files</Filter>
    </ClCompile>
    <ClCompile Include="src\RVNGProperty.cpp">
      <Filter>Source Files</Filter>
    </ClCompile>
    <ClCompile Include="src\RVNGPropertyList.cpp">
      <Filter>Source Files</Filter>
    </ClCompile>
    <ClCompile Include="src\RVNGPropertyListVector.cpp">
      <Filter>Source Files</Filter>
    </ClCompile>
    <ClCompile Include="src\RVNGRawDrawingGenerator.cpp">
      <Filter>Source Files</Filter>
    </ClCompile>
    <ClCompile Include="src\RVNGRawGeneratorBase.cpp">
      <Filter>Source Files</Filter>
    </ClCompile>
    <ClCompile Include="src\RVNGRawPresentationGenerator.cpp">
      <Filter>Source Files</Filter>
    </ClCompile>
    <ClCompile Include="src\RVNGRawSpreadsheetGenerator.cpp">
      <Filter>Source Files</Filter>
    </ClCompile>
    <ClCompile Include="src\RVNGRawTextGenerator.cpp">
      <Filter>Source Files</Filter>
    </ClCompile>
    <ClCompile Include="src\RVNGStreamImplementation.cpp">
      <Filter>Source Files</Filter>
    </ClCompile>
    <ClCompile Include="src\RVNGString.cpp">
      <Filter>Source Files</Filter>
    </ClCompile>
    <ClCompile Include="src\RVNGStringVector.cpp">
      <Filter>Source Files</Filter>
    </ClCompile>
    <ClCompile Include="src\RVNGSVGDrawingGenerator.cpp">
      <Filter>Source Files</Filter>
    </ClCompile>
    <ClCompile Include="src\RVNGSVGPresentationGenerator.cpp">
      <Filter>Source Files</Filter>
    </ClCompile>
    <ClCompile Include="src\RVNGTextDrawingGenerator.cpp">
      <Filter>Source Files</Filter>
    </ClCompile>
    <ClCompile Include="src\RVNGTextPresentationGenerator.cpp">
      <Filter>Source Files</Filter>
    </ClCompile>
    <ClCompile Include="src\RVNGTextSpreadsheetGenerator.cpp">
      <Filter>Source Files</Filter>
    </ClCompile>
    <ClCompile Include="src\RVNGTextTextGenerator.cpp">
      <Filter>Source Files</Filter>
    </ClCompile>
    <ClCompile Include="src\RVNGZipStream.cpp">
      <Filter>Source Files</Filter>
    </ClCompile>
  </ItemGroup>
</Project>